
Microsoft Visual Studio Solution File, Format Version 12.00
# Visual Studio 14
VisualStudioVersion = 14.0.25420.1
MinimumVisualStudioVersion = 10.0.40219.1
Project("{FAE04EC0-301F-11D3-BF4B-00C04F79EFBC}") = "DevStore.Domain", "DevStore.Domain\DevStore.Domain.csproj", "{AB3D2DC2-C301-4C75-8A72-B97159909A44}"
EndProject
Project("{FAE04EC0-301F-11D3-BF4B-00C04F79EFBC}") = "DevStore.Infra", "DevStore.Infra\DevStore.Infra.csproj", "{FFD25045-797B-4CED-9BDD-749B464F5A51}"
EndProject
Project("{FAE04EC0-301F-11D3-BF4B-00C04F79EFBC}") = "DevStore.WebAPI", "DevStore.WebAPI\DevStore.WebAPI.csproj", "{64A1BAC9-EA44-41F0-8EE2-8C63318E7F72}"
EndProject
Project("{FAE04EC0-301F-11D3-BF4B-00C04F79EFBC}") = "DevStore.MVC", "DevStore.MVC\DevStore.MVC.csproj", "{2F37BA06-C3CB-45B1-97F4-B510970215B0}"
EndProject
Project("{FAE04EC0-301F-11D3-BF4B-00C04F79EFBC}") = "WebChat", "WebChat\WebChat.csproj", "{58D2857D-0F78-475E-911C-2B4AB109C06E}"
EndProject
Project("{FAE04EC0-301F-11D3-BF4B-00C04F79EFBC}") = "WCF", "WCF\WCF.csproj", "{B8AF27EA-3702-44A0-8EDC-5AE8385FD6B5}"
EndProject
Project("{2150E333-8FDC-42A3-9474-1A3956D46DE8}") = "Infra", "Infra", "{9E3408CD-3FF6-4ED1-AF40-41494C59AD8D}"
EndProject
Project("{2150E333-8FDC-42A3-9474-1A3956D46DE8}") = "Domain", "Domain", "{7A97AE61-539D-4F0E-8A1B-C506F68C0D8D}"
EndProject
Project("{2150E333-8FDC-42A3-9474-1A3956D46DE8}") = "UI.Web", "UI.Web", "{67014E7D-558B-43DD-B67F-595A7F328BAB}"
EndProject
Project("{2150E333-8FDC-42A3-9474-1A3956D46DE8}") = "Application", "Application", "{D0B32548-80FB-47E5-B332-5BEA709F9DE0}"
EndProject
Project("{FAE04EC0-301F-11D3-BF4B-00C04F79EFBC}") = "DevStore.Application", "DevStore.Applciation\DevStore.Application.csproj", "{2014D91B-0B94-4E26-AFCE-0BB26EE5BAE2}"
EndProject
Project("{FAE04EC0-301F-11D3-BF4B-00C04F79EFBC}") = "DevStore.Infra.IoC", "DevStore.Infra.IoC\DevStore.Infra.IoC.csproj", "{A511B437-BE1A-4A57-B4D8-8E2ACA6EC842}"
EndProject
Project("{FAE04EC0-301F-11D3-BF4B-00C04F79EFBC}") = "DevStore.WPF", "DevStore.WPF\DevStore.WPF.csproj", "{003DC6B5-863D-48B0-A594-9925E5E02C52}"
EndProject
Global
	GlobalSection(SolutionConfigurationPlatforms) = preSolution
		Debug|Any CPU = Debug|Any CPU
		Release|Any CPU = Release|Any CPU
	EndGlobalSection
	GlobalSection(ProjectConfigurationPlatforms) = postSolution
		{AB3D2DC2-C301-4C75-8A72-B97159909A44}.Debug|Any CPU.ActiveCfg = Debug|Any CPU
		{AB3D2DC2-C301-4C75-8A72-B97159909A44}.Debug|Any CPU.Build.0 = Debug|Any CPU
		{AB3D2DC2-C301-4C75-8A72-B97159909A44}.Release|Any CPU.ActiveCfg = Release|Any CPU
		{AB3D2DC2-C301-4C75-8A72-B97159909A44}.Release|Any CPU.Build.0 = Release|Any CPU
		{FFD25045-797B-4CED-9BDD-749B464F5A51}.Debug|Any CPU.ActiveCfg = Debug|Any CPU
		{FFD25045-797B-4CED-9BDD-749B464F5A51}.Debug|Any CPU.Build.0 = Debug|Any CPU
		{FFD25045-797B-4CED-9BDD-749B464F5A51}.Release|Any CPU.ActiveCfg = Release|Any CPU
		{FFD25045-797B-4CED-9BDD-749B464F5A51}.Release|Any CPU.Build.0 = Release|Any CPU
		{64A1BAC9-EA44-41F0-8EE2-8C63318E7F72}.Debug|Any CPU.ActiveCfg = Debug|Any CPU
		{64A1BAC9-EA44-41F0-8EE2-8C63318E7F72}.Debug|Any CPU.Build.0 = Debug|Any CPU
		{64A1BAC9-EA44-41F0-8EE2-8C63318E7F72}.Release|Any CPU.ActiveCfg = Release|Any CPU
		{64A1BAC9-EA44-41F0-8EE2-8C63318E7F72}.Release|Any CPU.Build.0 = Release|Any CPU
		{2F37BA06-C3CB-45B1-97F4-B510970215B0}.Debug|Any CPU.ActiveCfg = Debug|Any CPU
		{2F37BA06-C3CB-45B1-97F4-B510970215B0}.Debug|Any CPU.Build.0 = Debug|Any CPU
		{2F37BA06-C3CB-45B1-97F4-B510970215B0}.Release|Any CPU.ActiveCfg = Release|Any CPU
		{2F37BA06-C3CB-45B1-97F4-B510970215B0}.Release|Any CPU.Build.0 = Release|Any CPU
		{58D2857D-0F78-475E-911C-2B4AB109C06E}.Debug|Any CPU.ActiveCfg = Debug|Any CPU
		{58D2857D-0F78-475E-911C-2B4AB109C06E}.Debug|Any CPU.Build.0 = Debug|Any CPU
		{58D2857D-0F78-475E-911C-2B4AB109C06E}.Release|Any CPU.ActiveCfg = Release|Any CPU
		{58D2857D-0F78-475E-911C-2B4AB109C06E}.Release|Any CPU.Build.0 = Release|Any CPU
		{B8AF27EA-3702-44A0-8EDC-5AE8385FD6B5}.Debug|Any CPU.ActiveCfg = Debug|Any CPU
		{B8AF27EA-3702-44A0-8EDC-5AE8385FD6B5}.Debug|Any CPU.Build.0 = Debug|Any CPU
		{B8AF27EA-3702-44A0-8EDC-5AE8385FD6B5}.Release|Any CPU.ActiveCfg = Release|Any CPU
		{B8AF27EA-3702-44A0-8EDC-5AE8385FD6B5}.Release|Any CPU.Build.0 = Release|Any CPU
		{2014D91B-0B94-4E26-AFCE-0BB26EE5BAE2}.Debug|Any CPU.ActiveCfg = Debug|Any CPU
		{2014D91B-0B94-4E26-AFCE-0BB26EE5BAE2}.Debug|Any CPU.Build.0 = Debug|Any CPU
		{2014D91B-0B94-4E26-AFCE-0BB26EE5BAE2}.Release|Any CPU.ActiveCfg = Release|Any CPU
		{2014D91B-0B94-4E26-AFCE-0BB26EE5BAE2}.Release|Any CPU.Build.0 = Release|Any CPU
		{A511B437-BE1A-4A57-B4D8-8E2ACA6EC842}.Debug|Any CPU.ActiveCfg = Debug|Any CPU
		{A511B437-BE1A-4A57-B4D8-8E2ACA6EC842}.Debug|Any CPU.Build.0 = Debug|Any CPU
		{A511B437-BE1A-4A57-B4D8-8E2ACA6EC842}.Release|Any CPU.ActiveCfg = Release|Any CPU
		{A511B437-BE1A-4A57-B4D8-8E2ACA6EC842}.Release|Any CPU.Build.0 = Release|Any CPU
		{003DC6B5-863D-48B0-A594-9925E5E02C52}.Debug|Any CPU.ActiveCfg = Debug|Any CPU
		{003DC6B5-863D-48B0-A594-9925E5E02C52}.Debug|Any CPU.Build.0 = Debug|Any CPU
		{003DC6B5-863D-48B0-A594-9925E5E02C52}.Release|Any CPU.ActiveCfg = Release|Any CPU
		{003DC6B5-863D-48B0-A594-9925E5E02C52}.Release|Any CPU.Build.0 = Release|Any CPU
	EndGlobalSection
	GlobalSection(SolutionProperties) = preSolution
		HideSolutionNode = FALSE
	EndGlobalSection
	GlobalSection(NestedProjects) = preSolution
		{AB3D2DC2-C301-4C75-8A72-B97159909A44} = {7A97AE61-539D-4F0E-8A1B-C506F68C0D8D}
		{FFD25045-797B-4CED-9BDD-749B464F5A51} = {9E3408CD-3FF6-4ED1-AF40-41494C59AD8D}
		{64A1BAC9-EA44-41F0-8EE2-8C63318E7F72} = {67014E7D-558B-43DD-B67F-595A7F328BAB}
		{2F37BA06-C3CB-45B1-97F4-B510970215B0} = {67014E7D-558B-43DD-B67F-595A7F328BAB}
		{58D2857D-0F78-475E-911C-2B4AB109C06E} = {67014E7D-558B-43DD-B67F-595A7F328BAB}
		{B8AF27EA-3702-44A0-8EDC-5AE8385FD6B5} = {67014E7D-558B-43DD-B67F-595A7F328BAB}
		{2014D91B-0B94-4E26-AFCE-0BB26EE5BAE2} = {D0B32548-80FB-47E5-B332-5BEA709F9DE0}
		{A511B437-BE1A-4A57-B4D8-8E2ACA6EC842} = {9E3408CD-3FF6-4ED1-AF40-41494C59AD8D}
		{003DC6B5-863D-48B0-A594-9925E5E02C52} = {67014E7D-558B-43DD-B67F-595A7F328BAB}
	EndGlobalSection
EndGlobal
